
Microsoft Visual Studio Solution File, Format Version 12.00
Project("{FAE04EC0-301F-11D3-BF4B-00C04F79EFBC}") = "CalculadoraSimples", "CalculadoraSimples\CalculadoraSimples.csproj", "{CBF8B25D-F95D-4193-9B58-B1D8A0B85949}"
EndProject
Global
	GlobalSection(SolutionConfigurationPlatforms) = preSolution
		Debug|Any CPU = Debug|Any CPU
		Release|Any CPU = Release|Any CPU
	EndGlobalSection
	GlobalSection(ProjectConfigurationPlatforms) = postSolution
		{CBF8B25D-F95D-4193-9B58-B1D8A0B85949}.Debug|Any CPU.ActiveCfg = Debug|Any CPU
		{CBF8B25D-F95D-4193-9B58-B1D8A0B85949}.Debug|Any CPU.Build.0 = Debug|Any CPU
		{CBF8B25D-F95D-4193-9B58-B1D8A0B85949}.Release|Any CPU.ActiveCfg = Release|Any CPU
		{CBF8B25D-F95D-4193-9B58-B1D8A0B85949}.Release|Any CPU.Build.0 = Release|Any CPU
	EndGlobalSection
EndGlobal
