
Microsoft Visual Studio Solution File, Format Version 12.00
# Visual Studio Version 16
VisualStudioVersion = 16.0.31410.357
MinimumVisualStudioVersion = 10.0.40219.1
Project("{FAE04EC0-301F-11D3-BF4B-00C04F79EFBC}") = "VilaoEletrico", "VilaoEletrico\VilaoEletrico.csproj", "{ACF692FC-CC23-49F4-A748-8D55F53EACA0}"
EndProject
Global
	GlobalSection(SolutionConfigurationPlatforms) = preSolution
		Debug|Any CPU = Debug|Any CPU
		Release|Any CPU = Release|Any CPU
	EndGlobalSection
	GlobalSection(ProjectConfigurationPlatforms) = postSolution
		{ACF692FC-CC23-49F4-A748-8D55F53EACA0}.Debug|Any CPU.ActiveCfg = Debug|Any CPU
		{ACF692FC-CC23-49F4-A748-8D55F53EACA0}.Debug|Any CPU.Build.0 = Debug|Any CPU
		{ACF692FC-CC23-49F4-A748-8D55F53EACA0}.Release|Any CPU.ActiveCfg = Release|Any CPU
		{ACF692FC-CC23-49F4-A748-8D55F53EACA0}.Release|Any CPU.Build.0 = Release|Any CPU
	EndGlobalSection
	GlobalSection(SolutionProperties) = preSolution
		HideSolutionNode = FALSE
	EndGlobalSection
	GlobalSection(ExtensibilityGlobals) = postSolution
		SolutionGuid = {3657E23C-E73D-4204-BE4B-4601AE4C39BD}
	EndGlobalSection
EndGlobal
