
Microsoft Visual Studio Solution File, Format Version 12.00
# Visual Studio Version 16
VisualStudioVersion = 16.0.31410.357
MinimumVisualStudioVersion = 10.0.40219.1
Project("{FAE04EC0-301F-11D3-BF4B-00C04F79EFBC}") = "Calculadora", "Calculadora\Calculadora.csproj", "{36419F50-B179-477F-9EBF-82962BCF7B82}"
EndProject
Global
	GlobalSection(SolutionConfigurationPlatforms) = preSolution
		Debug|Any CPU = Debug|Any CPU
		Release|Any CPU = Release|Any CPU
	EndGlobalSection
	GlobalSection(ProjectConfigurationPlatforms) = postSolution
		{36419F50-B179-477F-9EBF-82962BCF7B82}.Debug|Any CPU.ActiveCfg = Debug|Any CPU
		{36419F50-B179-477F-9EBF-82962BCF7B82}.Debug|Any CPU.Build.0 = Debug|Any CPU
		{36419F50-B179-477F-9EBF-82962BCF7B82}.Release|Any CPU.ActiveCfg = Release|Any CPU
		{36419F50-B179-477F-9EBF-82962BCF7B82}.Release|Any CPU.Build.0 = Release|Any CPU
	EndGlobalSection
	GlobalSection(SolutionProperties) = preSolution
		HideSolutionNode = FALSE
	EndGlobalSection
	GlobalSection(ExtensibilityGlobals) = postSolution
		SolutionGuid = {F119DDD0-4C2D-4F39-8F7E-A04828FE18A1}
	EndGlobalSection
EndGlobal
